// !$*UTF8*$!
{
	archiveVersion = 1;
	classes = {
	};
	objectVersion = 54;
	objects = {

/* Begin PBXBuildFile section */
		A91433752B0F3948004A0589 /* main.storyboard in Resources */ = {isa = PBXBuildFile; fileRef = A91433732B0F3948004A0589 /* main.storyboard */; };
		A96B14AA2B11C73000686B99 /* OpenAL.framework in Frameworks */ = {isa = PBXBuildFile; fileRef = A96B14A92B11C73000686B99 /* OpenAL.framework */; };
		A96B14AC2B11C73900686B99 /* OpenGLES.framework in Frameworks */ = {isa = PBXBuildFile; fileRef = A96B14AB2B11C73900686B99 /* OpenGLES.framework */; };
		A96B14B32B11C76F00686B99 /* libavutil.a in Frameworks */ = {isa = PBXBuildFile; fileRef = A96B14AD2B11C76F00686B99 /* libavutil.a */; };
		A96B14B42B11C76F00686B99 /* libswscale.a in Frameworks */ = {isa = PBXBuildFile; fileRef = A96B14AE2B11C76F00686B99 /* libswscale.a */; };
		A96B14B52B11C76F00686B99 /* libswresample.a in Frameworks */ = {isa = PBXBuildFile; fileRef = A96B14AF2B11C76F00686B99 /* libswresample.a */; };
		A96B14B62B11C76F00686B99 /* libavformat.a in Frameworks */ = {isa = PBXBuildFile; fileRef = A96B14B02B11C76F00686B99 /* libavformat.a */; };
		A96B14B82B11C76F00686B99 /* libavcodec.a in Frameworks */ = {isa = PBXBuildFile; fileRef = A96B14B22B11C76F00686B99 /* libavcodec.a */; };
		A96B14BA2B11C78400686B99 /* libz.tbd in Frameworks */ = {isa = PBXBuildFile; fileRef = A96B14B92B11C78400686B99 /* libz.tbd */; };
		A96B14BC2B11C7C600686B99 /* libiconv.tbd in Frameworks */ = {isa = PBXBuildFile; fileRef = A96B14BB2B11C7C600686B99 /* libiconv.tbd */; };
		A96B14D32B1388A200686B99 /* libccmedia_render.a in Frameworks */ = {isa = PBXBuildFile; fileRef = A96B14D02B1388A200686B99 /* libccmedia_render.a */; };
		A96B14D42B1388A200686B99 /* libccmedia_core.a in Frameworks */ = {isa = PBXBuildFile; fileRef = A96B14D12B1388A200686B99 /* libccmedia_core.a */; };
		A96B14D52B1388A200686B99 /* libccmedia_ios.a in Frameworks */ = {isa = PBXBuildFile; fileRef = A96B14D22B1388A200686B99 /* libccmedia_ios.a */; };
		A96B14D72B138BB300686B99 /* AudioToolbox.framework in Frameworks */ = {isa = PBXBuildFile; fileRef = A96B14D62B138BB300686B99 /* AudioToolbox.framework */; };
		A96B14D92B138BBC00686B99 /* VideoToolbox.framework in Frameworks */ = {isa = PBXBuildFile; fileRef = A96B14D82B138BBC00686B99 /* VideoToolbox.framework */; };
		A96B14DB2B138BF000686B99 /* CoreMedia.framework in Frameworks */ = {isa = PBXBuildFile; fileRef = A96B14DA2B138BEF00686B99 /* CoreMedia.framework */; };
		A96B14DD2B138C0E00686B99 /* libbz2.tbd in Frameworks */ = {isa = PBXBuildFile; fileRef = A96B14DC2B138C0E00686B99 /* libbz2.tbd */; };
		A9AC8E6B2B0AC75A00EB0EC0 /* iewController.mm in Sources */ = {isa = PBXBuildFile; fileRef = A9AC8E6A2B0AC75A00EB0EC0 /* iewController.mm */; };
		A9CCBAB32B0220DA00C92729 /* AppDelegate.m in Sources */ = {isa = PBXBuildFile; fileRef = A9CCBAB22B0220DA00C92729 /* AppDelegate.m */; };
		A9CCBABE2B0220DD00C92729 /* Assets.xcassets in Resources */ = {isa = PBXBuildFile; fileRef = A9CCBABD2B0220DD00C92729 /* Assets.xcassets */; };
		A9CCBAC12B0220DD00C92729 /* LaunchScreen.storyboard in Resources */ = {isa = PBXBuildFile; fileRef = A9CCBABF2B0220DD00C92729 /* LaunchScreen.storyboard */; };
		A9CCBAC42B0220DD00C92729 /* main.m in Sources */ = {isa = PBXBuildFile; fileRef = A9CCBAC32B0220DD00C92729 /* main.m */; };
/* End PBXBuildFile section */

/* Begin PBXCopyFilesBuildPhase section */
		A91433882B0F5B64004A0589 /* Embed Frameworks */ = {
			isa = PBXCopyFilesBuildPhase;
			buildActionMask = 2147483647;
			dstPath = "";
			dstSubfolderSpec = 10;
			files = (
			);
			name = "Embed Frameworks";
			runOnlyForDeploymentPostprocessing = 0;
		};
/* End PBXCopyFilesBuildPhase section */

/* Begin PBXFileReference section */
		A91433742B0F3948004A0589 /* Base */ = {isa = PBXFileReference; lastKnownFileType = file.storyboard; name = Base; path = Base.lproj/main.storyboard; sourceTree = "<group>"; };
		A96B14A92B11C73000686B99 /* OpenAL.framework */ = {isa = PBXFileReference; lastKnownFileType = wrapper.framework; name = OpenAL.framework; path = System/Library/Frameworks/OpenAL.framework; sourceTree = SDKROOT; };
		A96B14AB2B11C73900686B99 /* OpenGLES.framework */ = {isa = PBXFileReference; lastKnownFileType = wrapper.framework; name = OpenGLES.framework; path = System/Library/Frameworks/OpenGLES.framework; sourceTree = SDKROOT; };
		A96B14AD2B11C76F00686B99 /* libavutil.a */ = {isa = PBXFileReference; lastKnownFileType = archive.ar; name = libavutil.a; path = third_party/lib/libavutil.a; sourceTree = "<group>"; };
		A96B14AE2B11C76F00686B99 /* libswscale.a */ = {isa = PBXFileReference; lastKnownFileType = archive.ar; name = libswscale.a; path = third_party/lib/libswscale.a; sourceTree = "<group>"; };
		A96B14AF2B11C76F00686B99 /* libswresample.a */ = {isa = PBXFileReference; lastKnownFileType = archive.ar; name = libswresample.a; path = third_party/lib/libswresample.a; sourceTree = "<group>"; };
		A96B14B02B11C76F00686B99 /* libavformat.a */ = {isa = PBXFileReference; lastKnownFileType = archive.ar; name = libavformat.a; path = third_party/lib/libavformat.a; sourceTree = "<group>"; };
		A96B14B22B11C76F00686B99 /* libavcodec.a */ = {isa = PBXFileReference; lastKnownFileType = archive.ar; name = libavcodec.a; path = third_party/lib/libavcodec.a; sourceTree = "<group>"; };
		A96B14B92B11C78400686B99 /* libz.tbd */ = {isa = PBXFileReference; lastKnownFileType = "sourcecode.text-based-dylib-definition"; name = libz.tbd; path = usr/lib/libz.tbd; sourceTree = SDKROOT; };
		A96B14BB2B11C7C600686B99 /* libiconv.tbd */ = {isa = PBXFileReference; lastKnownFileType = "sourcecode.text-based-dylib-definition"; name = libiconv.tbd; path = usr/lib/libiconv.tbd; sourceTree = SDKROOT; };
		A96B14D02B1388A200686B99 /* libccmedia_render.a */ = {isa = PBXFileReference; lastKnownFileType = archive.ar; name = libccmedia_render.a; path = export/lib/libccmedia_render.a; sourceTree = "<group>"; };
		A96B14D12B1388A200686B99 /* libccmedia_core.a */ = {isa = PBXFileReference; lastKnownFileType = archive.ar; name = libccmedia_core.a; path = export/lib/libccmedia_core.a; sourceTree = "<group>"; };
		A96B14D22B1388A200686B99 /* libccmedia_ios.a */ = {isa = PBXFileReference; lastKnownFileType = archive.ar; name = libccmedia_ios.a; path = export/lib/libccmedia_ios.a; sourceTree = "<group>"; };
		A96B14D62B138BB300686B99 /* AudioToolbox.framework */ = {isa = PBXFileReference; lastKnownFileType = wrapper.framework; name = AudioToolbox.framework; path = System/Library/Frameworks/AudioToolbox.framework; sourceTree = SDKROOT; };
		A96B14D82B138BBC00686B99 /* VideoToolbox.framework */ = {isa = PBXFileReference; lastKnownFileType = wrapper.framework; name = VideoToolbox.framework; path = System/Library/Frameworks/VideoToolbox.framework; sourceTree = SDKROOT; };
		A96B14DA2B138BEF00686B99 /* CoreMedia.framework */ = {isa = PBXFileReference; lastKnownFileType = wrapper.framework; name = CoreMedia.framework; path = System/Library/Frameworks/CoreMedia.framework; sourceTree = SDKROOT; };
		A96B14DC2B138C0E00686B99 /* libbz2.tbd */ = {isa = PBXFileReference; lastKnownFileType = "sourcecode.text-based-dylib-definition"; name = libbz2.tbd; path = usr/lib/libbz2.tbd; sourceTree = SDKROOT; };
		A9AC8E692B0AC75A00EB0EC0 /* iewController.h */ = {isa = PBXFileReference; lastKnownFileType = sourcecode.c.h; path = iewController.h; sourceTree = "<group>"; };
		A9AC8E6A2B0AC75A00EB0EC0 /* iewController.mm */ = {isa = PBXFileReference; lastKnownFileType = sourcecode.cpp.objcpp; path = iewController.mm; sourceTree = "<group>"; };
		A9CCBAAE2B0220DA00C92729 /* CCRender.app */ = {isa = PBXFileReference; explicitFileType = wrapper.application; includeInIndex = 0; path = CCRender.app; sourceTree = BUILT_PRODUCTS_DIR; };
		A9CCBAB12B0220DA00C92729 /* AppDelegate.h */ = {isa = PBXFileReference; lastKnownFileType = sourcecode.c.h; path = AppDelegate.h; sourceTree = "<group>"; };
		A9CCBAB22B0220DA00C92729 /* AppDelegate.m */ = {isa = PBXFileReference; lastKnownFileType = sourcecode.c.objc; path = AppDelegate.m; sourceTree = "<group>"; };
		A9CCBABD2B0220DD00C92729 /* Assets.xcassets */ = {isa = PBXFileReference; lastKnownFileType = folder.assetcatalog; path = Assets.xcassets; sourceTree = "<group>"; };
		A9CCBAC02B0220DD00C92729 /* Base */ = {isa = PBXFileReference; lastKnownFileType = file.storyboard; name = Base; path = Base.lproj/LaunchScreen.storyboard; sourceTree = "<group>"; };
		A9CCBAC22B0220DD00C92729 /* Info.plist */ = {isa = PBXFileReference; lastKnownFileType = text.plist.xml; path = Info.plist; sourceTree = "<group>"; };
		A9CCBAC32B0220DD00C92729 /* main.m */ = {isa = PBXFileReference; lastKnownFileType = sourcecode.c.objc; path = main.m; sourceTree = "<group>"; };
/* End PBXFileReference section */

/* Begin PBXFrameworksBuildPhase section */
		A9CCBAAB2B0220DA00C92729 /* Frameworks */ = {
			isa = PBXFrameworksBuildPhase;
			buildActionMask = 2147483647;
			files = (
				A96B14DD2B138C0E00686B99 /* libbz2.tbd in Frameworks */,
				A96B14DB2B138BF000686B99 /* CoreMedia.framework in Frameworks */,
				A96B14BA2B11C78400686B99 /* libz.tbd in Frameworks */,
				A96B14D92B138BBC00686B99 /* VideoToolbox.framework in Frameworks */,
				A96B14D72B138BB300686B99 /* AudioToolbox.framework in Frameworks */,
				A96B14D32B1388A200686B99 /* libccmedia_render.a in Frameworks */,
				A96B14D42B1388A200686B99 /* libccmedia_core.a in Frameworks */,
				A96B14D52B1388A200686B99 /* libccmedia_ios.a in Frameworks */,
				A96B14BC2B11C7C600686B99 /* libiconv.tbd in Frameworks */,
				A96B14B32B11C76F00686B99 /* libavutil.a in Frameworks */,
				A96B14B42B11C76F00686B99 /* libswscale.a in Frameworks */,
				A96B14B52B11C76F00686B99 /* libswresample.a in Frameworks */,
				A96B14B62B11C76F00686B99 /* libavformat.a in Frameworks */,
				A96B14B82B11C76F00686B99 /* libavcodec.a in Frameworks */,
				A96B14AC2B11C73900686B99 /* OpenGLES.framework in Frameworks */,
				A96B14AA2B11C73000686B99 /* OpenAL.framework in Frameworks */,
			);
			runOnlyForDeploymentPostprocessing = 0;
		};
/* End PBXFrameworksBuildPhase section */

/* Begin PBXGroup section */
		A96B14A62B11B92B00686B99 /* Frameworks */ = {
			isa = PBXGroup;
			children = (
				A96B14DC2B138C0E00686B99 /* libbz2.tbd */,
				A96B14DA2B138BEF00686B99 /* CoreMedia.framework */,
				A96B14D82B138BBC00686B99 /* VideoToolbox.framework */,
				A96B14D62B138BB300686B99 /* AudioToolbox.framework */,
				A96B14D12B1388A200686B99 /* libccmedia_core.a */,
				A96B14D22B1388A200686B99 /* libccmedia_ios.a */,
				A96B14D02B1388A200686B99 /* libccmedia_render.a */,
				A96B14BB2B11C7C600686B99 /* libiconv.tbd */,
				A96B14B92B11C78400686B99 /* libz.tbd */,
				A96B14B22B11C76F00686B99 /* libavcodec.a */,
				A96B14B02B11C76F00686B99 /* libavformat.a */,
				A96B14AD2B11C76F00686B99 /* libavutil.a */,
				A96B14AF2B11C76F00686B99 /* libswresample.a */,
				A96B14AE2B11C76F00686B99 /* libswscale.a */,
				A96B14AB2B11C73900686B99 /* OpenGLES.framework */,
				A96B14A92B11C73000686B99 /* OpenAL.framework */,
			);
			name = Frameworks;
			sourceTree = "<group>";
		};
		A9CCBAA52B0220DA00C92729 = {
			isa = PBXGroup;
			children = (
				A9CCBAB02B0220DA00C92729 /* CCRender */,
				A9CCBAAF2B0220DA00C92729 /* Products */,
				A96B14A62B11B92B00686B99 /* Frameworks */,
			);
			sourceTree = "<group>";
		};
		A9CCBAAF2B0220DA00C92729 /* Products */ = {
			isa = PBXGroup;
			children = (
				A9CCBAAE2B0220DA00C92729 /* CCRender.app */,
			);
			name = Products;
			sourceTree = "<group>";
		};
		A9CCBAB02B0220DA00C92729 /* CCRender */ = {
			isa = PBXGroup;
			children = (
				A9CCBAB12B0220DA00C92729 /* AppDelegate.h */,
				A9CCBAB22B0220DA00C92729 /* AppDelegate.m */,
				A9CCBABD2B0220DD00C92729 /* Assets.xcassets */,
				A9CCBABF2B0220DD00C92729 /* LaunchScreen.storyboard */,
				A91433732B0F3948004A0589 /* main.storyboard */,
				A9CCBAC22B0220DD00C92729 /* Info.plist */,
				A9CCBAC32B0220DD00C92729 /* main.m */,
				A9AC8E692B0AC75A00EB0EC0 /* iewController.h */,
				A9AC8E6A2B0AC75A00EB0EC0 /* iewController.mm */,
			);
			path = CCRender;
			sourceTree = "<group>";
		};
/* End PBXGroup section */

/* Begin PBXNativeTarget section */
		A9CCBAAD2B0220DA00C92729 /* CCRender */ = {
			isa = PBXNativeTarget;
			buildConfigurationList = A9CCBAC72B0220DD00C92729 /* Build configuration list for PBXNativeTarget "CCRender" */;
			buildPhases = (
				A9CCBAAA2B0220DA00C92729 /* Sources */,
				A9CCBAAB2B0220DA00C92729 /* Frameworks */,
				A9CCBAAC2B0220DA00C92729 /* Resources */,
				A91433882B0F5B64004A0589 /* Embed Frameworks */,
			);
			buildRules = (
			);
			dependencies = (
			);
			name = CCRender;
			productName = CCRender;
			productReference = A9CCBAAE2B0220DA00C92729 /* CCRender.app */;
			productType = "com.apple.product-type.application";
		};
/* End PBXNativeTarget section */

/* Begin PBXProject section */
		A9CCBAA62B0220DA00C92729 /* Project object */ = {
			isa = PBXProject;
			attributes = {
				BuildIndependentTargetsInParallel = 1;
				LastUpgradeCheck = 1500;
				TargetAttributes = {
					A9CCBAAD2B0220DA00C92729 = {
						CreatedOnToolsVersion = 15.0.1;
					};
				};
			};
			buildConfigurationList = A9CCBAA92B0220DA00C92729 /* Build configuration list for PBXProject "CCRender" */;
			compatibilityVersion = "Xcode 12.0";
			developmentRegion = en;
			hasScannedForEncodings = 0;
			knownRegions = (
				en,
				Base,
			);
			mainGroup = A9CCBAA52B0220DA00C92729;
			productRefGroup = A9CCBAAF2B0220DA00C92729 /* Products */;
			projectDirPath = "";
			projectRoot = "";
			targets = (
				A9CCBAAD2B0220DA00C92729 /* CCRender */,
			);
		};
/* End PBXProject section */

/* Begin PBXResourcesBuildPhase section */
		A9CCBAAC2B0220DA00C92729 /* Resources */ = {
			isa = PBXResourcesBuildPhase;
			buildActionMask = 2147483647;
			files = (
				A9CCBAC12B0220DD00C92729 /* LaunchScreen.storyboard in Resources */,
				A91433752B0F3948004A0589 /* main.storyboard in Resources */,
				A9CCBABE2B0220DD00C92729 /* Assets.xcassets in Resources */,
			);
			runOnlyForDeploymentPostprocessing = 0;
		};
/* End PBXResourcesBuildPhase section */

/* Begin PBXSourcesBuildPhase section */
		A9CCBAAA2B0220DA00C92729 /* Sources */ = {
			isa = PBXSourcesBuildPhase;
			buildActionMask = 2147483647;
			files = (
				A9CCBAB32B0220DA00C92729 /* AppDelegate.m in Sources */,
				A9AC8E6B2B0AC75A00EB0EC0 /* iewController.mm in Sources */,
				A9CCBAC42B0220DD00C92729 /* main.m in Sources */,
			);
			runOnlyForDeploymentPostprocessing = 0;
		};
/* End PBXSourcesBuildPhase section */

/* Begin PBXVariantGroup section */
		A91433732B0F3948004A0589 /* main.storyboard */ = {
			isa = PBXVariantGroup;
			children = (
				A91433742B0F3948004A0589 /* Base */,
			);
			name = main.storyboard;
			sourceTree = "<group>";
		};
		A9CCBABF2B0220DD00C92729 /* LaunchScreen.storyboard */ = {
			isa = PBXVariantGroup;
			children = (
				A9CCBAC02B0220DD00C92729 /* Base */,
			);
			name = LaunchScreen.storyboard;
			sourceTree = "<group>";
		};
/* End PBXVariantGroup section */

/* Begin XCBuildConfiguration section */
		A9CCBAC52B0220DD00C92729 /* Debug */ = {
			isa = XCBuildConfiguration;
			buildSettings = {
				ALWAYS_SEARCH_USER_PATHS = NO;
				ASSETCATALOG_COMPILER_GENERATE_SWIFT_ASSET_SYMBOL_EXTENSIONS = YES;
				CLANG_ANALYZER_NONNULL = YES;
				CLANG_ANALYZER_NUMBER_OBJECT_CONVERSION = YES_AGGRESSIVE;
				CLANG_CXX_LANGUAGE_STANDARD = "gnu++20";
				CLANG_ENABLE_MODULES = YES;
				CLANG_ENABLE_OBJC_ARC = YES;
				CLANG_ENABLE_OBJC_WEAK = YES;
				CLANG_WARN_BLOCK_CAPTURE_AUTORELEASING = YES;
				CLANG_WARN_BOOL_CONVERSION = YES;
				CLANG_WARN_COMMA = YES;
				CLANG_WARN_CONSTANT_CONVERSION = YES;
				CLANG_WARN_DEPRECATED_OBJC_IMPLEMENTATIONS = YES;
				CLANG_WARN_DIRECT_OBJC_ISA_USAGE = YES_ERROR;
				CLANG_WARN_DOCUMENTATION_COMMENTS = YES;
				CLANG_WARN_EMPTY_BODY = YES;
				CLANG_WARN_ENUM_CONVERSION = YES;
				CLANG_WARN_INFINITE_RECURSION = YES;
				CLANG_WARN_INT_CONVERSION = YES;
				CLANG_WARN_NON_LITERAL_NULL_CONVERSION = YES;
				CLANG_WARN_OBJC_IMPLICIT_RETAIN_SELF = YES;
				CLANG_WARN_OBJC_LITERAL_CONVERSION = YES;
				CLANG_WARN_OBJC_ROOT_CLASS = YES_ERROR;
				CLANG_WARN_QUOTED_INCLUDE_IN_FRAMEWORK_HEADER = YES;
				CLANG_WARN_RANGE_LOOP_ANALYSIS = YES;
				CLANG_WARN_STRICT_PROTOTYPES = YES;
				CLANG_WARN_SUSPICIOUS_MOVE = YES;
				CLANG_WARN_UNGUARDED_AVAILABILITY = YES_AGGRESSIVE;
				CLANG_WARN_UNREACHABLE_CODE = YES;
				CLANG_WARN__DUPLICATE_METHOD_MATCH = YES;
				COPY_PHASE_STRIP = NO;
				DEBUG_INFORMATION_FORMAT = dwarf;
				ENABLE_STRICT_OBJC_MSGSEND = YES;
				ENABLE_TESTABILITY = YES;
				ENABLE_USER_SCRIPT_SANDBOXING = YES;
				GCC_C_LANGUAGE_STANDARD = gnu17;
				GCC_DYNAMIC_NO_PIC = NO;
				GCC_NO_COMMON_BLOCKS = YES;
				GCC_OPTIMIZATION_LEVEL = 0;
				GCC_PREPROCESSOR_DEFINITIONS = (
					"DEBUG=1",
					"$(inherited)",
				);
				GCC_WARN_64_TO_32_BIT_CONVERSION = YES;
				GCC_WARN_ABOUT_RETURN_TYPE = YES_ERROR;
				GCC_WARN_UNDECLARED_SELECTOR = YES;
				GCC_WARN_UNINITIALIZED_AUTOS = YES_AGGRESSIVE;
				GCC_WARN_UNUSED_FUNCTION = YES;
				GCC_WARN_UNUSED_VARIABLE = YES;
				IPHONEOS_DEPLOYMENT_TARGET = 12.0;
				LOCALIZATION_PREFERS_STRING_CATALOGS = YES;
				MTL_ENABLE_DEBUG_INFO = INCLUDE_SOURCE;
				MTL_FAST_MATH = YES;
				ONLY_ACTIVE_ARCH = YES;
				SDKROOT = iphoneos;
			};
			name = Debug;
		};
		A9CCBAC62B0220DD00C92729 /* Release */ = {
			isa = XCBuildConfiguration;
			buildSettings = {
				ALWAYS_SEARCH_USER_PATHS = NO;
				ASSETCATALOG_COMPILER_GENERATE_SWIFT_ASSET_SYMBOL_EXTENSIONS = YES;
				CLANG_ANALYZER_NONNULL = YES;
				CLANG_ANALYZER_NUMBER_OBJECT_CONVERSION = YES_AGGRESSIVE;
				CLANG_CXX_LANGUAGE_STANDARD = "gnu++20";
				CLANG_ENABLE_MODULES = YES;
				CLANG_ENABLE_OBJC_ARC = YES;
				CLANG_ENABLE_OBJC_WEAK = YES;
				CLANG_WARN_BLOCK_CAPTURE_AUTORELEASING = YES;
				CLANG_WARN_BOOL_CONVERSION = YES;
				CLANG_WARN_COMMA = YES;
				CLANG_WARN_CONSTANT_CONVERSION = YES;
				CLANG_WARN_DEPRECATED_OBJC_IMPLEMENTATIONS = YES;
				CLANG_WARN_DIRECT_OBJC_ISA_USAGE = YES_ERROR;
				CLANG_WARN_DOCUMENTATION_COMMENTS = YES;
				CLANG_WARN_EMPTY_BODY = YES;
				CLANG_WARN_ENUM_CONVERSION = YES;
				CLANG_WARN_INFINITE_RECURSION = YES;
				CLANG_WARN_INT_CONVERSION = YES;
				CLANG_WARN_NON_LITERAL_NULL_CONVERSION = YES;
				CLANG_WARN_OBJC_IMPLICIT_RETAIN_SELF = YES;
				CLANG_WARN_OBJC_LITERAL_CONVERSION = YES;
				CLANG_WARN_OBJC_ROOT_CLASS = YES_ERROR;
				CLANG_WARN_QUOTED_INCLUDE_IN_FRAMEWORK_HEADER = YES;
				CLANG_WARN_RANGE_LOOP_ANALYSIS = YES;
				CLANG_WARN_STRICT_PROTOTYPES = YES;
				CLANG_WARN_SUSPICIOUS_MOVE = YES;
				CLANG_WARN_UNGUARDED_AVAILABILITY = YES_AGGRESSIVE;
				CLANG_WARN_UNREACHABLE_CODE = YES;
				CLANG_WARN__DUPLICATE_METHOD_MATCH = YES;
				COPY_PHASE_STRIP = NO;
				DEBUG_INFORMATION_FORMAT = "dwarf-with-dsym";
				ENABLE_NS_ASSERTIONS = NO;
				ENABLE_STRICT_OBJC_MSGSEND = YES;
				ENABLE_USER_SCRIPT_SANDBOXING = YES;
				GCC_C_LANGUAGE_STANDARD = gnu17;
				GCC_NO_COMMON_BLOCKS = YES;
				GCC_WARN_64_TO_32_BIT_CONVERSION = YES;
				GCC_WARN_ABOUT_RETURN_TYPE = YES_ERROR;
				GCC_WARN_UNDECLARED_SELECTOR = YES;
				GCC_WARN_UNINITIALIZED_AUTOS = YES_AGGRESSIVE;
				GCC_WARN_UNUSED_FUNCTION = YES;
				GCC_WARN_UNUSED_VARIABLE = YES;
				IPHONEOS_DEPLOYMENT_TARGET = 12.0;
				LOCALIZATION_PREFERS_STRING_CATALOGS = YES;
				MTL_ENABLE_DEBUG_INFO = NO;
				MTL_FAST_MATH = YES;
				SDKROOT = iphoneos;
				VALIDATE_PRODUCT = YES;
			};
			name = Release;
		};
		A9CCBAC82B0220DD00C92729 /* Debug */ = {
			isa = XCBuildConfiguration;
			buildSettings = {
				ASSETCATALOG_COMPILER_APPICON_NAME = AppIcon;
				ASSETCATALOG_COMPILER_GLOBAL_ACCENT_COLOR_NAME = AccentColor;
				CODE_SIGN_STYLE = Automatic;
				CURRENT_PROJECT_VERSION = 1;
				DEVELOPMENT_TEAM = 27ZYBRBPV8;
				ENABLE_STRICT_OBJC_MSGSEND = NO;
				GCC_PREPROCESSOR_DEFINITIONS = (
					"DEBUG=1",
					"$(inherited)",
					GLES_SILENCE_DEPRECATION,
				);
				GENERATE_INFOPLIST_FILE = YES;
				HEADER_SEARCH_PATHS = (
					"${PROJECT_DIR}/third_party/include",
					"${PROJECT_DIR}/export/include",
				);
				INFOPLIST_FILE = CCRender/Info.plist;
				INFOPLIST_KEY_UIApplicationSupportsIndirectInputEvents = YES;
				INFOPLIST_KEY_UILaunchStoryboardName = LaunchScreen;
				INFOPLIST_KEY_UIMainStoryboardFile = "";
				INFOPLIST_KEY_UISupportedInterfaceOrientations_iPad = "UIInterfaceOrientationPortrait UIInterfaceOrientationPortraitUpsideDown UIInterfaceOrientationLandscapeLeft UIInterfaceOrientationLandscapeRight";
				INFOPLIST_KEY_UISupportedInterfaceOrientations_iPhone = "UIInterfaceOrientationPortrait UIInterfaceOrientationLandscapeLeft UIInterfaceOrientationLandscapeRight";
				IPHONEOS_DEPLOYMENT_TARGET = 12.0;
				LD_RUNPATH_SEARCH_PATHS = (
					"$(inherited)",
					"@executable_path/Frameworks",
				);
				LIBRARY_SEARCH_PATHS = (
					"$(PROJECT_DIR)/third_party/lib",
					"${PROJECT_DIR}/export/lib",
					"$(PROJECT_DIR)/export/lib",
				);
				MARKETING_VERSION = 1.0;
				PRODUCT_BUNDLE_IDENTIFIER = com.francis.CCRender;
				PRODUCT_NAME = "$(TARGET_NAME)";
				SUPPORTED_PLATFORMS = "iphoneos iphonesimulator";
				SUPPORTS_MACCATALYST = NO;
				SUPPORTS_MAC_DESIGNED_FOR_IPHONE_IPAD = NO;
				SWIFT_EMIT_LOC_STRINGS = YES;
				TARGETED_DEVICE_FAMILY = "1,2";
			};
			name = Debug;
		};
		A9CCBAC92B0220DD00C92729 /* Release */ = {
			isa = XCBuildConfiguration;
			buildSettings = {
				ASSETCATALOG_COMPILER_APPICON_NAME = AppIcon;
				ASSETCATALOG_COMPILER_GLOBAL_ACCENT_COLOR_NAME = AccentColor;
				CODE_SIGN_STYLE = Automatic;
				CURRENT_PROJECT_VERSION = 1;
				DEVELOPMENT_TEAM = 27ZYBRBPV8;
				ENABLE_STRICT_OBJC_MSGSEND = NO;
				GCC_PREPROCESSOR_DEFINITIONS = GLES_SILENCE_DEPRECATION;
				GENERATE_INFOPLIST_FILE = YES;
				HEADER_SEARCH_PATHS = (
					"${PROJECT_DIR}/third_party/include",
					"${PROJECT_DIR}/export/include",
				);
				INFOPLIST_FILE = CCRender/Info.plist;
				INFOPLIST_KEY_UIApplicationSupportsIndirectInputEvents = YES;
				INFOPLIST_KEY_UILaunchStoryboardName = LaunchScreen;
				INFOPLIST_KEY_UIMainStoryboardFile = "";
				INFOPLIST_KEY_UISupportedInterfaceOrientations_iPad = "UIInterfaceOrientationPortrait UIInterfaceOrientationPortraitUpsideDown UIInterfaceOrientationLandscapeLeft UIInterfaceOrientationLandscapeRight";
				INFOPLIST_KEY_UISupportedInterfaceOrientations_iPhone = "UIInterfaceOrientationPortrait UIInterfaceOrientationLandscapeLeft UIInterfaceOrientationLandscapeRight";
				IPHONEOS_DEPLOYMENT_TARGET = 12.0;
				LD_RUNPATH_SEARCH_PATHS = (
					"$(inherited)",
					"@executable_path/Frameworks",
				);
				LIBRARY_SEARCH_PATHS = (
					"$(PROJECT_DIR)/third_party/lib",
					"${PROJECT_DIR}/export/lib",
					"$(PROJECT_DIR)/export/lib",
				);
				MARKETING_VERSION = 1.0;
				PRODUCT_BUNDLE_IDENTIFIER = com.francis.CCRender;
				PRODUCT_NAME = "$(TARGET_NAME)";
				SUPPORTED_PLATFORMS = "iphoneos iphonesimulator";
				SUPPORTS_MACCATALYST = NO;
				SUPPORTS_MAC_DESIGNED_FOR_IPHONE_IPAD = NO;
				SWIFT_EMIT_LOC_STRINGS = YES;
				TARGETED_DEVICE_FAMILY = "1,2";
			};
			name = Release;
		};
/* End XCBuildConfiguration section */

/* Begin XCConfigurationList section */
		A9CCBAA92B0220DA00C92729 /* Build configuration list for PBXProject "CCRender" */ = {
			isa = XCConfigurationList;
			buildConfigurations = (
				A9CCBAC52B0220DD00C92729 /* Debug */,
				A9CCBAC62B0220DD00C92729 /* Release */,
			);
			defaultConfigurationIsVisible = 0;
			defaultConfigurationName = Release;
		};
		A9CCBAC72B0220DD00C92729 /* Build configuration list for PBXNativeTarget "CCRender" */ = {
			isa = XCConfigurationList;
			buildConfigurations = (
				A9CCBAC82B0220DD00C92729 /* Debug */,
				A9CCBAC92B0220DD00C92729 /* Release */,
			);
			defaultConfigurationIsVisible = 0;
			defaultConfigurationName = Release;
		};
/* End XCConfigurationList section */
	};
	rootObject = A9CCBAA62B0220DA00C92729 /* Project object */;
}
