// !$*UTF8*$!
{
	archiveVersion = 1;
	classes = {
	};
	objectVersion = 54;
	objects = {

/* Begin PBXBuildFile section */
		A91433752B0F3948004A0589 /* main.storyboard in Resources */ = {isa = PBXBuildFile; fileRef = A91433732B0F3948004A0589 /* main.storyboard */; };
		A91433BC2B0F643A004A0589 /* format.cpp in Sources */ = {isa = PBXBuildFile; fileRef = A91433992B0F5C3B004A0589 /* format.cpp */; };
		A91433BD2B0F643B004A0589 /* player.cpp in Sources */ = {isa = PBXBuildFile; fileRef = A91433972B0F5C3B004A0589 /* player.cpp */; };
		A91433BE2B0F665A004A0589 /* audio.cpp in Sources */ = {isa = PBXBuildFile; fileRef = A914338F2B0F5C3A004A0589 /* audio.cpp */; };
		A91433BF2B0F6667004A0589 /* video.cpp in Sources */ = {isa = PBXBuildFile; fileRef = A914338B2B0F5C3A004A0589 /* video.cpp */; };
		A91433C02B0F6667004A0589 /* render.cpp in Sources */ = {isa = PBXBuildFile; fileRef = A914338A2B0F5C3A004A0589 /* render.cpp */; };
		A91433C12B0F6684004A0589 /* audio.hpp in Headers */ = {isa = PBXBuildFile; fileRef = A91433902B0F5C3A004A0589 /* audio.hpp */; };
		A91433C22B0F6684004A0589 /* video.hpp in Headers */ = {isa = PBXBuildFile; fileRef = A914338C2B0F5C3A004A0589 /* video.hpp */; };
		A91433C32B0F6684004A0589 /* render.hpp in Headers */ = {isa = PBXBuildFile; fileRef = A914338D2B0F5C3A004A0589 /* render.hpp */; };
		A91433C42B0F6684004A0589 /* container.h in Headers */ = {isa = PBXBuildFile; fileRef = A91433912B0F5C3A004A0589 /* container.h */; };
		A91433C52B0F6684004A0589 /* cc_util.hpp in Headers */ = {isa = PBXBuildFile; fileRef = A91433922B0F5C3A004A0589 /* cc_util.hpp */; };
		A91433C62B0F6684004A0589 /* format.hpp in Headers */ = {isa = PBXBuildFile; fileRef = A91433932B0F5C3A004A0589 /* format.hpp */; };
		A91433C72B0F6684004A0589 /* player.hpp in Headers */ = {isa = PBXBuildFile; fileRef = A91433982B0F5C3B004A0589 /* player.hpp */; };
		A91433C82B0F674E004A0589 /* CCPlayer.mm in Sources */ = {isa = PBXBuildFile; fileRef = A91433952B0F5C3B004A0589 /* CCPlayer.mm */; };
		A91433C92B0F6857004A0589 /* OpenGLES.framework in Frameworks */ = {isa = PBXBuildFile; fileRef = A94C9E212B07DB4D00BB6F99 /* OpenGLES.framework */; platformFilter = ios; };
		A91433CA2B0F685F004A0589 /* OpenAL.framework in Frameworks */ = {isa = PBXBuildFile; fileRef = A9FD27262B0E4C7D00222E33 /* OpenAL.framework */; };
		A91433CB2B0F6865004A0589 /* libz.tbd in Frameworks */ = {isa = PBXBuildFile; fileRef = A9FD27282B0E4C8300222E33 /* libz.tbd */; };
		A91433CC2B0F68A5004A0589 /* VideoToolbox.framework in Frameworks */ = {isa = PBXBuildFile; fileRef = A9FD272C2B0E4CA200222E33 /* VideoToolbox.framework */; };
		A91433CD2B0F68AB004A0589 /* AudioToolbox.framework in Frameworks */ = {isa = PBXBuildFile; fileRef = A9FD272E2B0E4CAA00222E33 /* AudioToolbox.framework */; };
		A91433CE2B0F68BA004A0589 /* libiconv.tbd in Frameworks */ = {isa = PBXBuildFile; fileRef = A9FD272A2B0E4C8A00222E33 /* libiconv.tbd */; };
		A91433D42B0F6E68004A0589 /* shader_import.c in Sources */ = {isa = PBXBuildFile; fileRef = A91433D32B0F6E68004A0589 /* shader_import.c */; };
		A91433D92B0F7E3B004A0589 /* shader_import.h in Headers */ = {isa = PBXBuildFile; fileRef = A91433D12B0F6CEE004A0589 /* shader_import.h */; };
		A91433DA2B0F7E3B004A0589 /* CCPlayer.h in Headers */ = {isa = PBXBuildFile; fileRef = A91433962B0F5C3B004A0589 /* CCPlayer.h */; settings = {ATTRIBUTES = (Public, ); }; };
		A91433DB2B0F7E3B004A0589 /* type.h in Headers */ = {isa = PBXBuildFile; fileRef = A91433D82B0F7DCC004A0589 /* type.h */; settings = {ATTRIBUTES = (Public, ); }; };
		A91433DC2B0F8192004A0589 /* libccmedia.a in Frameworks */ = {isa = PBXBuildFile; fileRef = A91433B12B0F6416004A0589 /* libccmedia.a */; };
		A94C9E232B07DB4D00BB6F99 /* OpenGLES.framework in Frameworks */ = {isa = PBXBuildFile; fileRef = A94C9E212B07DB4D00BB6F99 /* OpenGLES.framework */; };
		A94C9E242B07DB4D00BB6F99 /* OpenAL.framework in Frameworks */ = {isa = PBXBuildFile; fileRef = A94C9E222B07DB4D00BB6F99 /* OpenAL.framework */; };
		A994E3282B03525D003B0CA8 /* libavformat.a in Frameworks */ = {isa = PBXBuildFile; fileRef = A994E3222B03525D003B0CA8 /* libavformat.a */; };
		A994E3292B03525D003B0CA8 /* libswscale.a in Frameworks */ = {isa = PBXBuildFile; fileRef = A994E3232B03525D003B0CA8 /* libswscale.a */; };
		A994E32A2B03525D003B0CA8 /* libavutil.a in Frameworks */ = {isa = PBXBuildFile; fileRef = A994E3242B03525D003B0CA8 /* libavutil.a */; };
		A994E32B2B03525D003B0CA8 /* libswresample.a in Frameworks */ = {isa = PBXBuildFile; fileRef = A994E3252B03525D003B0CA8 /* libswresample.a */; };
		A994E32C2B03525D003B0CA8 /* libavfilter.a in Frameworks */ = {isa = PBXBuildFile; fileRef = A994E3262B03525D003B0CA8 /* libavfilter.a */; };
		A994E32D2B03525D003B0CA8 /* libavcodec.a in Frameworks */ = {isa = PBXBuildFile; fileRef = A994E3272B03525D003B0CA8 /* libavcodec.a */; };
		A994E3322B036559003B0CA8 /* libz.tbd in Frameworks */ = {isa = PBXBuildFile; fileRef = A994E3312B036559003B0CA8 /* libz.tbd */; };
		A9AC8E6B2B0AC75A00EB0EC0 /* iewController.mm in Sources */ = {isa = PBXBuildFile; fileRef = A9AC8E6A2B0AC75A00EB0EC0 /* iewController.mm */; };
		A9B887CE2B08EA5200E7C597 /* AudioToolbox.framework in Frameworks */ = {isa = PBXBuildFile; fileRef = A9B887CD2B08EA5200E7C597 /* AudioToolbox.framework */; };
		A9CCBAB32B0220DA00C92729 /* AppDelegate.m in Sources */ = {isa = PBXBuildFile; fileRef = A9CCBAB22B0220DA00C92729 /* AppDelegate.m */; };
		A9CCBABE2B0220DD00C92729 /* Assets.xcassets in Resources */ = {isa = PBXBuildFile; fileRef = A9CCBABD2B0220DD00C92729 /* Assets.xcassets */; };
		A9CCBAC12B0220DD00C92729 /* LaunchScreen.storyboard in Resources */ = {isa = PBXBuildFile; fileRef = A9CCBABF2B0220DD00C92729 /* LaunchScreen.storyboard */; };
		A9CCBAC42B0220DD00C92729 /* main.m in Sources */ = {isa = PBXBuildFile; fileRef = A9CCBAC32B0220DD00C92729 /* main.m */; };
		A9FD26E02B0E365600222E33 /* MobileCoreServices.framework in Frameworks */ = {isa = PBXBuildFile; fileRef = A9FD26DF2B0E365600222E33 /* MobileCoreServices.framework */; };
/* End PBXBuildFile section */

/* Begin PBXContainerItemProxy section */
		A91433CF2B0F6A1E004A0589 /* PBXContainerItemProxy */ = {
			isa = PBXContainerItemProxy;
			containerPortal = A9CCBAA62B0220DA00C92729 /* Project object */;
			proxyType = 1;
			remoteGlobalIDString = A91433B02B0F6416004A0589;
			remoteInfo = ccmedia;
		};
/* End PBXContainerItemProxy section */

/* Begin PBXCopyFilesBuildPhase section */
		A91433882B0F5B64004A0589 /* Embed Frameworks */ = {
			isa = PBXCopyFilesBuildPhase;
			buildActionMask = 2147483647;
			dstPath = "";
			dstSubfolderSpec = 10;
			files = (
			);
			name = "Embed Frameworks";
			runOnlyForDeploymentPostprocessing = 0;
		};
/* End PBXCopyFilesBuildPhase section */

/* Begin PBXFileReference section */
		A91433742B0F3948004A0589 /* Base */ = {isa = PBXFileReference; lastKnownFileType = file.storyboard; name = Base; path = Base.lproj/main.storyboard; sourceTree = "<group>"; };
		A914338A2B0F5C3A004A0589 /* render.cpp */ = {isa = PBXFileReference; fileEncoding = 4; lastKnownFileType = sourcecode.cpp.cpp; path = render.cpp; sourceTree = "<group>"; };
		A914338B2B0F5C3A004A0589 /* video.cpp */ = {isa = PBXFileReference; fileEncoding = 4; lastKnownFileType = sourcecode.cpp.cpp; path = video.cpp; sourceTree = "<group>"; };
		A914338C2B0F5C3A004A0589 /* video.hpp */ = {isa = PBXFileReference; fileEncoding = 4; lastKnownFileType = sourcecode.cpp.h; path = video.hpp; sourceTree = "<group>"; };
		A914338D2B0F5C3A004A0589 /* render.hpp */ = {isa = PBXFileReference; fileEncoding = 4; lastKnownFileType = sourcecode.cpp.h; path = render.hpp; sourceTree = "<group>"; };
		A914338F2B0F5C3A004A0589 /* audio.cpp */ = {isa = PBXFileReference; fileEncoding = 4; lastKnownFileType = sourcecode.cpp.cpp; path = audio.cpp; sourceTree = "<group>"; };
		A91433902B0F5C3A004A0589 /* audio.hpp */ = {isa = PBXFileReference; fileEncoding = 4; lastKnownFileType = sourcecode.cpp.h; path = audio.hpp; sourceTree = "<group>"; };
		A91433912B0F5C3A004A0589 /* container.h */ = {isa = PBXFileReference; fileEncoding = 4; lastKnownFileType = sourcecode.c.h; path = container.h; sourceTree = "<group>"; };
		A91433922B0F5C3A004A0589 /* cc_util.hpp */ = {isa = PBXFileReference; fileEncoding = 4; lastKnownFileType = sourcecode.cpp.h; path = cc_util.hpp; sourceTree = "<group>"; };
		A91433932B0F5C3A004A0589 /* format.hpp */ = {isa = PBXFileReference; fileEncoding = 4; lastKnownFileType = sourcecode.cpp.h; path = format.hpp; sourceTree = "<group>"; };
		A91433952B0F5C3B004A0589 /* CCPlayer.mm */ = {isa = PBXFileReference; fileEncoding = 4; lastKnownFileType = sourcecode.cpp.objcpp; path = CCPlayer.mm; sourceTree = "<group>"; };
		A91433962B0F5C3B004A0589 /* CCPlayer.h */ = {isa = PBXFileReference; fileEncoding = 4; lastKnownFileType = sourcecode.c.h; path = CCPlayer.h; sourceTree = "<group>"; };
		A91433972B0F5C3B004A0589 /* player.cpp */ = {isa = PBXFileReference; fileEncoding = 4; lastKnownFileType = sourcecode.cpp.cpp; path = player.cpp; sourceTree = "<group>"; };
		A91433982B0F5C3B004A0589 /* player.hpp */ = {isa = PBXFileReference; fileEncoding = 4; lastKnownFileType = sourcecode.cpp.h; path = player.hpp; sourceTree = "<group>"; };
		A91433992B0F5C3B004A0589 /* format.cpp */ = {isa = PBXFileReference; fileEncoding = 4; lastKnownFileType = sourcecode.cpp.cpp; path = format.cpp; sourceTree = "<group>"; };
		A91433B12B0F6416004A0589 /* libccmedia.a */ = {isa = PBXFileReference; explicitFileType = archive.ar; includeInIndex = 0; path = libccmedia.a; sourceTree = BUILT_PRODUCTS_DIR; };
		A91433D12B0F6CEE004A0589 /* shader_import.h */ = {isa = PBXFileReference; lastKnownFileType = sourcecode.c.h; path = shader_import.h; sourceTree = "<group>"; };
		A91433D22B0F6DD6004A0589 /* compile_shader.sh */ = {isa = PBXFileReference; lastKnownFileType = text.script.sh; name = compile_shader.sh; path = ../../../../compile_shader.sh; sourceTree = "<group>"; };
		A91433D32B0F6E68004A0589 /* shader_import.c */ = {isa = PBXFileReference; lastKnownFileType = sourcecode.c.c; path = shader_import.c; sourceTree = "<group>"; };
		A91433D82B0F7DCC004A0589 /* type.h */ = {isa = PBXFileReference; lastKnownFileType = sourcecode.c.h; path = type.h; sourceTree = "<group>"; };
		A94C9E212B07DB4D00BB6F99 /* OpenGLES.framework */ = {isa = PBXFileReference; lastKnownFileType = wrapper.framework; name = OpenGLES.framework; path = System/Library/Frameworks/OpenGLES.framework; sourceTree = SDKROOT; };
		A94C9E222B07DB4D00BB6F99 /* OpenAL.framework */ = {isa = PBXFileReference; lastKnownFileType = wrapper.framework; name = OpenAL.framework; path = System/Library/Frameworks/OpenAL.framework; sourceTree = SDKROOT; };
		A994E3222B03525D003B0CA8 /* libavformat.a */ = {isa = PBXFileReference; lastKnownFileType = archive.ar; name = libavformat.a; path = third_party/lib/libavformat.a; sourceTree = "<group>"; };
		A994E3232B03525D003B0CA8 /* libswscale.a */ = {isa = PBXFileReference; lastKnownFileType = archive.ar; name = libswscale.a; path = third_party/lib/libswscale.a; sourceTree = "<group>"; };
		A994E3242B03525D003B0CA8 /* libavutil.a */ = {isa = PBXFileReference; lastKnownFileType = archive.ar; name = libavutil.a; path = third_party/lib/libavutil.a; sourceTree = "<group>"; };
		A994E3252B03525D003B0CA8 /* libswresample.a */ = {isa = PBXFileReference; lastKnownFileType = archive.ar; name = libswresample.a; path = third_party/lib/libswresample.a; sourceTree = "<group>"; };
		A994E3262B03525D003B0CA8 /* libavfilter.a */ = {isa = PBXFileReference; lastKnownFileType = archive.ar; name = libavfilter.a; path = third_party/lib/libavfilter.a; sourceTree = "<group>"; };
		A994E3272B03525D003B0CA8 /* libavcodec.a */ = {isa = PBXFileReference; lastKnownFileType = archive.ar; name = libavcodec.a; path = third_party/lib/libavcodec.a; sourceTree = "<group>"; };
		A994E3312B036559003B0CA8 /* libz.tbd */ = {isa = PBXFileReference; lastKnownFileType = "sourcecode.text-based-dylib-definition"; name = libz.tbd; path = usr/lib/libz.tbd; sourceTree = SDKROOT; };
		A9AC8E692B0AC75A00EB0EC0 /* iewController.h */ = {isa = PBXFileReference; lastKnownFileType = sourcecode.c.h; path = iewController.h; sourceTree = "<group>"; };
		A9AC8E6A2B0AC75A00EB0EC0 /* iewController.mm */ = {isa = PBXFileReference; lastKnownFileType = sourcecode.cpp.objcpp; path = iewController.mm; sourceTree = "<group>"; };
		A9B887CD2B08EA5200E7C597 /* AudioToolbox.framework */ = {isa = PBXFileReference; lastKnownFileType = wrapper.framework; name = AudioToolbox.framework; path = System/Library/Frameworks/AudioToolbox.framework; sourceTree = SDKROOT; };
		A9CCBAAE2B0220DA00C92729 /* CCRender.app */ = {isa = PBXFileReference; explicitFileType = wrapper.application; includeInIndex = 0; path = CCRender.app; sourceTree = BUILT_PRODUCTS_DIR; };
		A9CCBAB12B0220DA00C92729 /* AppDelegate.h */ = {isa = PBXFileReference; lastKnownFileType = sourcecode.c.h; path = AppDelegate.h; sourceTree = "<group>"; };
		A9CCBAB22B0220DA00C92729 /* AppDelegate.m */ = {isa = PBXFileReference; lastKnownFileType = sourcecode.c.objc; path = AppDelegate.m; sourceTree = "<group>"; };
		A9CCBABD2B0220DD00C92729 /* Assets.xcassets */ = {isa = PBXFileReference; lastKnownFileType = folder.assetcatalog; path = Assets.xcassets; sourceTree = "<group>"; };
		A9CCBAC02B0220DD00C92729 /* Base */ = {isa = PBXFileReference; lastKnownFileType = file.storyboard; name = Base; path = Base.lproj/LaunchScreen.storyboard; sourceTree = "<group>"; };
		A9CCBAC22B0220DD00C92729 /* Info.plist */ = {isa = PBXFileReference; lastKnownFileType = text.plist.xml; path = Info.plist; sourceTree = "<group>"; };
		A9CCBAC32B0220DD00C92729 /* main.m */ = {isa = PBXFileReference; lastKnownFileType = sourcecode.c.objc; path = main.m; sourceTree = "<group>"; };
		A9FD26DF2B0E365600222E33 /* MobileCoreServices.framework */ = {isa = PBXFileReference; lastKnownFileType = wrapper.framework; name = MobileCoreServices.framework; path = System/Library/Frameworks/MobileCoreServices.framework; sourceTree = SDKROOT; };
		A9FD27262B0E4C7D00222E33 /* OpenAL.framework */ = {isa = PBXFileReference; lastKnownFileType = wrapper.framework; name = OpenAL.framework; path = Platforms/MacOSX.platform/Developer/SDKs/MacOSX14.0.sdk/System/iOSSupport/System/Library/Frameworks/OpenAL.framework; sourceTree = DEVELOPER_DIR; };
		A9FD27282B0E4C8300222E33 /* libz.tbd */ = {isa = PBXFileReference; lastKnownFileType = "sourcecode.text-based-dylib-definition"; name = libz.tbd; path = Platforms/MacOSX.platform/Developer/SDKs/MacOSX14.0.sdk/usr/lib/libz.tbd; sourceTree = DEVELOPER_DIR; };
		A9FD272A2B0E4C8A00222E33 /* libiconv.tbd */ = {isa = PBXFileReference; lastKnownFileType = "sourcecode.text-based-dylib-definition"; name = libiconv.tbd; path = Platforms/MacOSX.platform/Developer/SDKs/MacOSX14.0.sdk/usr/lib/libiconv.tbd; sourceTree = DEVELOPER_DIR; };
		A9FD272C2B0E4CA200222E33 /* VideoToolbox.framework */ = {isa = PBXFileReference; lastKnownFileType = wrapper.framework; name = VideoToolbox.framework; path = Platforms/MacOSX.platform/Developer/SDKs/MacOSX14.0.sdk/System/Library/Frameworks/VideoToolbox.framework; sourceTree = DEVELOPER_DIR; };
		A9FD272E2B0E4CAA00222E33 /* AudioToolbox.framework */ = {isa = PBXFileReference; lastKnownFileType = wrapper.framework; name = AudioToolbox.framework; path = Platforms/MacOSX.platform/Developer/SDKs/MacOSX14.0.sdk/System/Library/Frameworks/AudioToolbox.framework; sourceTree = DEVELOPER_DIR; };
		A9FD27302B0E4CBE00222E33 /* MobileCoreServices.framework */ = {isa = PBXFileReference; lastKnownFileType = wrapper.framework; name = MobileCoreServices.framework; path = Platforms/MacOSX.platform/Developer/SDKs/MacOSX14.0.sdk/System/iOSSupport/System/Library/Frameworks/MobileCoreServices.framework; sourceTree = DEVELOPER_DIR; };
/* End PBXFileReference section */

/* Begin PBXFrameworksBuildPhase section */
		A91433AF2B0F6416004A0589 /* Frameworks */ = {
			isa = PBXFrameworksBuildPhase;
			buildActionMask = 2147483647;
			files = (
				A91433CE2B0F68BA004A0589 /* libiconv.tbd in Frameworks */,
				A91433CD2B0F68AB004A0589 /* AudioToolbox.framework in Frameworks */,
				A91433CC2B0F68A5004A0589 /* VideoToolbox.framework in Frameworks */,
				A91433CB2B0F6865004A0589 /* libz.tbd in Frameworks */,
				A91433CA2B0F685F004A0589 /* OpenAL.framework in Frameworks */,
				A91433C92B0F6857004A0589 /* OpenGLES.framework in Frameworks */,
			);
			runOnlyForDeploymentPostprocessing = 0;
		};
		A9CCBAAB2B0220DA00C92729 /* Frameworks */ = {
			isa = PBXFrameworksBuildPhase;
			buildActionMask = 2147483647;
			files = (
				A91433DC2B0F8192004A0589 /* libccmedia.a in Frameworks */,
				A9FD26E02B0E365600222E33 /* MobileCoreServices.framework in Frameworks */,
				A9B887CE2B08EA5200E7C597 /* AudioToolbox.framework in Frameworks */,
				A994E3322B036559003B0CA8 /* libz.tbd in Frameworks */,
				A994E3282B03525D003B0CA8 /* libavformat.a in Frameworks */,
				A994E3292B03525D003B0CA8 /* libswscale.a in Frameworks */,
				A94C9E232B07DB4D00BB6F99 /* OpenGLES.framework in Frameworks */,
				A994E32A2B03525D003B0CA8 /* libavutil.a in Frameworks */,
				A994E32B2B03525D003B0CA8 /* libswresample.a in Frameworks */,
				A94C9E242B07DB4D00BB6F99 /* OpenAL.framework in Frameworks */,
				A994E32C2B03525D003B0CA8 /* libavfilter.a in Frameworks */,
				A994E32D2B03525D003B0CA8 /* libavcodec.a in Frameworks */,
			);
			runOnlyForDeploymentPostprocessing = 0;
		};
/* End PBXFrameworksBuildPhase section */

/* Begin PBXGroup section */
		A91433892B0F5C3A004A0589 /* gles */ = {
			isa = PBXGroup;
			children = (
				A914338B2B0F5C3A004A0589 /* video.cpp */,
				A914338C2B0F5C3A004A0589 /* video.hpp */,
				A914338A2B0F5C3A004A0589 /* render.cpp */,
				A914338D2B0F5C3A004A0589 /* render.hpp */,
			);
			path = gles;
			sourceTree = "<group>";
		};
		A914338E2B0F5C3A004A0589 /* al */ = {
			isa = PBXGroup;
			children = (
				A914338F2B0F5C3A004A0589 /* audio.cpp */,
				A91433902B0F5C3A004A0589 /* audio.hpp */,
			);
			path = al;
			sourceTree = "<group>";
		};
		A91433942B0F5C3B004A0589 /* ios */ = {
			isa = PBXGroup;
			children = (
				A91433952B0F5C3B004A0589 /* CCPlayer.mm */,
				A91433962B0F5C3B004A0589 /* CCPlayer.h */,
			);
			path = ios;
			sourceTree = "<group>";
		};
		A91433AC2B0F5D94004A0589 /* shader */ = {
			isa = PBXGroup;
			children = (
				A91433D12B0F6CEE004A0589 /* shader_import.h */,
				A91433D32B0F6E68004A0589 /* shader_import.c */,
			);
			path = shader;
			sourceTree = "<group>";
		};
		A91433B22B0F6416004A0589 /* ccmedia */ = {
			isa = PBXGroup;
			children = (
				A91433AC2B0F5D94004A0589 /* shader */,
				A91433942B0F5C3B004A0589 /* ios */,
				A914338E2B0F5C3A004A0589 /* al */,
				A91433892B0F5C3A004A0589 /* gles */,
				A91433912B0F5C3A004A0589 /* container.h */,
				A91433922B0F5C3A004A0589 /* cc_util.hpp */,
				A91433932B0F5C3A004A0589 /* format.hpp */,
				A91433D82B0F7DCC004A0589 /* type.h */,
				A91433992B0F5C3B004A0589 /* format.cpp */,
				A91433982B0F5C3B004A0589 /* player.hpp */,
				A91433972B0F5C3B004A0589 /* player.cpp */,
				A91433D22B0F6DD6004A0589 /* compile_shader.sh */,
			);
			path = ccmedia;
			sourceTree = "<group>";
		};
		A994E3212B03525D003B0CA8 /* Frameworks */ = {
			isa = PBXGroup;
			children = (
				A9FD27302B0E4CBE00222E33 /* MobileCoreServices.framework */,
				A9FD272E2B0E4CAA00222E33 /* AudioToolbox.framework */,
				A9FD272C2B0E4CA200222E33 /* VideoToolbox.framework */,
				A9FD272A2B0E4C8A00222E33 /* libiconv.tbd */,
				A9FD27282B0E4C8300222E33 /* libz.tbd */,
				A9FD27262B0E4C7D00222E33 /* OpenAL.framework */,
				A9FD26DF2B0E365600222E33 /* MobileCoreServices.framework */,
				A9B887CD2B08EA5200E7C597 /* AudioToolbox.framework */,
				A94C9E222B07DB4D00BB6F99 /* OpenAL.framework */,
				A94C9E212B07DB4D00BB6F99 /* OpenGLES.framework */,
				A994E3312B036559003B0CA8 /* libz.tbd */,
				A994E3272B03525D003B0CA8 /* libavcodec.a */,
				A994E3262B03525D003B0CA8 /* libavfilter.a */,
				A994E3222B03525D003B0CA8 /* libavformat.a */,
				A994E3242B03525D003B0CA8 /* libavutil.a */,
				A994E3252B03525D003B0CA8 /* libswresample.a */,
				A994E3232B03525D003B0CA8 /* libswscale.a */,
			);
			name = Frameworks;
			sourceTree = "<group>";
		};
		A9CCBAA52B0220DA00C92729 = {
			isa = PBXGroup;
			children = (
				A9CCBAB02B0220DA00C92729 /* CCRender */,
				A91433B22B0F6416004A0589 /* ccmedia */,
				A9CCBAAF2B0220DA00C92729 /* Products */,
				A994E3212B03525D003B0CA8 /* Frameworks */,
			);
			sourceTree = "<group>";
		};
		A9CCBAAF2B0220DA00C92729 /* Products */ = {
			isa = PBXGroup;
			children = (
				A9CCBAAE2B0220DA00C92729 /* CCRender.app */,
				A91433B12B0F6416004A0589 /* libccmedia.a */,
			);
			name = Products;
			sourceTree = "<group>";
		};
		A9CCBAB02B0220DA00C92729 /* CCRender */ = {
			isa = PBXGroup;
			children = (
				A9CCBAB12B0220DA00C92729 /* AppDelegate.h */,
				A9CCBAB22B0220DA00C92729 /* AppDelegate.m */,
				A9CCBABD2B0220DD00C92729 /* Assets.xcassets */,
				A9CCBABF2B0220DD00C92729 /* LaunchScreen.storyboard */,
				A91433732B0F3948004A0589 /* main.storyboard */,
				A9CCBAC22B0220DD00C92729 /* Info.plist */,
				A9CCBAC32B0220DD00C92729 /* main.m */,
				A9AC8E692B0AC75A00EB0EC0 /* iewController.h */,
				A9AC8E6A2B0AC75A00EB0EC0 /* iewController.mm */,
			);
			path = CCRender;
			sourceTree = "<group>";
		};
/* End PBXGroup section */

/* Begin PBXHeadersBuildPhase section */
		A91433AD2B0F6416004A0589 /* Headers */ = {
			isa = PBXHeadersBuildPhase;
			buildActionMask = 2147483647;
			files = (
				A91433DA2B0F7E3B004A0589 /* CCPlayer.h in Headers */,
				A91433DB2B0F7E3B004A0589 /* type.h in Headers */,
				A91433C42B0F6684004A0589 /* container.h in Headers */,
				A91433D92B0F7E3B004A0589 /* shader_import.h in Headers */,
				A91433C12B0F6684004A0589 /* audio.hpp in Headers */,
				A91433C22B0F6684004A0589 /* video.hpp in Headers */,
				A91433C32B0F6684004A0589 /* render.hpp in Headers */,
				A91433C52B0F6684004A0589 /* cc_util.hpp in Headers */,
				A91433C62B0F6684004A0589 /* format.hpp in Headers */,
				A91433C72B0F6684004A0589 /* player.hpp in Headers */,
			);
			runOnlyForDeploymentPostprocessing = 0;
		};
/* End PBXHeadersBuildPhase section */

/* Begin PBXNativeTarget section */
		A91433B02B0F6416004A0589 /* ccmedia */ = {
			isa = PBXNativeTarget;
			buildConfigurationList = A91433B92B0F6416004A0589 /* Build configuration list for PBXNativeTarget "ccmedia" */;
			buildPhases = (
				A91433AD2B0F6416004A0589 /* Headers */,
				A91433AE2B0F6416004A0589 /* Sources */,
				A91433AF2B0F6416004A0589 /* Frameworks */,
			);
			buildRules = (
			);
			dependencies = (
			);
			name = ccmedia;
			productName = ccmedia;
			productReference = A91433B12B0F6416004A0589 /* libccmedia.a */;
			productType = "com.apple.product-type.library.static";
		};
		A9CCBAAD2B0220DA00C92729 /* CCRender */ = {
			isa = PBXNativeTarget;
			buildConfigurationList = A9CCBAC72B0220DD00C92729 /* Build configuration list for PBXNativeTarget "CCRender" */;
			buildPhases = (
				A9CCBAAA2B0220DA00C92729 /* Sources */,
				A9CCBAAB2B0220DA00C92729 /* Frameworks */,
				A9CCBAAC2B0220DA00C92729 /* Resources */,
				A91433882B0F5B64004A0589 /* Embed Frameworks */,
			);
			buildRules = (
			);
			dependencies = (
				A91433D02B0F6A1E004A0589 /* PBXTargetDependency */,
			);
			name = CCRender;
			productName = CCRender;
			productReference = A9CCBAAE2B0220DA00C92729 /* CCRender.app */;
			productType = "com.apple.product-type.application";
		};
/* End PBXNativeTarget section */

/* Begin PBXProject section */
		A9CCBAA62B0220DA00C92729 /* Project object */ = {
			isa = PBXProject;
			attributes = {
				BuildIndependentTargetsInParallel = 1;
				LastUpgradeCheck = 1500;
				TargetAttributes = {
					A91433B02B0F6416004A0589 = {
						CreatedOnToolsVersion = 15.0.1;
					};
					A9CCBAAD2B0220DA00C92729 = {
						CreatedOnToolsVersion = 15.0.1;
					};
				};
			};
			buildConfigurationList = A9CCBAA92B0220DA00C92729 /* Build configuration list for PBXProject "CCRender" */;
			compatibilityVersion = "Xcode 12.0";
			developmentRegion = en;
			hasScannedForEncodings = 0;
			knownRegions = (
				en,
				Base,
			);
			mainGroup = A9CCBAA52B0220DA00C92729;
			productRefGroup = A9CCBAAF2B0220DA00C92729 /* Products */;
			projectDirPath = "";
			projectRoot = "";
			targets = (
				A9CCBAAD2B0220DA00C92729 /* CCRender */,
				A91433B02B0F6416004A0589 /* ccmedia */,
			);
		};
/* End PBXProject section */

/* Begin PBXResourcesBuildPhase section */
		A9CCBAAC2B0220DA00C92729 /* Resources */ = {
			isa = PBXResourcesBuildPhase;
			buildActionMask = 2147483647;
			files = (
				A9CCBAC12B0220DD00C92729 /* LaunchScreen.storyboard in Resources */,
				A91433752B0F3948004A0589 /* main.storyboard in Resources */,
				A9CCBABE2B0220DD00C92729 /* Assets.xcassets in Resources */,
			);
			runOnlyForDeploymentPostprocessing = 0;
		};
/* End PBXResourcesBuildPhase section */

/* Begin PBXSourcesBuildPhase section */
		A91433AE2B0F6416004A0589 /* Sources */ = {
			isa = PBXSourcesBuildPhase;
			buildActionMask = 2147483647;
			files = (
				A91433BF2B0F6667004A0589 /* video.cpp in Sources */,
				A91433C02B0F6667004A0589 /* render.cpp in Sources */,
				A91433C82B0F674E004A0589 /* CCPlayer.mm in Sources */,
				A91433D42B0F6E68004A0589 /* shader_import.c in Sources */,
				A91433BE2B0F665A004A0589 /* audio.cpp in Sources */,
				A91433BC2B0F643A004A0589 /* format.cpp in Sources */,
				A91433BD2B0F643B004A0589 /* player.cpp in Sources */,
			);
			runOnlyForDeploymentPostprocessing = 0;
		};
		A9CCBAAA2B0220DA00C92729 /* Sources */ = {
			isa = PBXSourcesBuildPhase;
			buildActionMask = 2147483647;
			files = (
				A9CCBAB32B0220DA00C92729 /* AppDelegate.m in Sources */,
				A9AC8E6B2B0AC75A00EB0EC0 /* iewController.mm in Sources */,
				A9CCBAC42B0220DD00C92729 /* main.m in Sources */,
			);
			runOnlyForDeploymentPostprocessing = 0;
		};
/* End PBXSourcesBuildPhase section */

/* Begin PBXTargetDependency section */
		A91433D02B0F6A1E004A0589 /* PBXTargetDependency */ = {
			isa = PBXTargetDependency;
			target = A91433B02B0F6416004A0589 /* ccmedia */;
			targetProxy = A91433CF2B0F6A1E004A0589 /* PBXContainerItemProxy */;
		};
/* End PBXTargetDependency section */

/* Begin PBXVariantGroup section */
		A91433732B0F3948004A0589 /* main.storyboard */ = {
			isa = PBXVariantGroup;
			children = (
				A91433742B0F3948004A0589 /* Base */,
			);
			name = main.storyboard;
			sourceTree = "<group>";
		};
		A9CCBABF2B0220DD00C92729 /* LaunchScreen.storyboard */ = {
			isa = PBXVariantGroup;
			children = (
				A9CCBAC02B0220DD00C92729 /* Base */,
			);
			name = LaunchScreen.storyboard;
			sourceTree = "<group>";
		};
/* End PBXVariantGroup section */

/* Begin XCBuildConfiguration section */
		A91433BA2B0F6416004A0589 /* Debug */ = {
			isa = XCBuildConfiguration;
			buildSettings = {
				CODE_SIGN_STYLE = Automatic;
				DEVELOPMENT_TEAM = 27ZYBRBPV8;
				EXECUTABLE_PREFIX = lib;
				GCC_ENABLE_CPP_EXCEPTIONS = YES;
				GCC_ENABLE_CPP_RTTI = YES;
				GCC_PREPROCESSOR_DEFINITIONS = (
					"DEBUG=1",
					"$(inherited)",
					GLES_SILENCE_DEPRECATION,
				);
				HEADER_SEARCH_PATHS = "$(SRCROOT)/third_party/include";
				LIBRARY_SEARCH_PATHS = "$(SRCROOT)/third_party/lib";
				MACOSX_DEPLOYMENT_TARGET = 13.5;
				PRODUCT_NAME = "$(TARGET_NAME)";
				SDKROOT = iphoneos;
				SKIP_INSTALL = YES;
				SUPPORTS_MACCATALYST = NO;
			};
			name = Debug;
		};
		A91433BB2B0F6416004A0589 /* Release */ = {
			isa = XCBuildConfiguration;
			buildSettings = {
				CODE_SIGN_STYLE = Automatic;
				DEVELOPMENT_TEAM = 27ZYBRBPV8;
				EXECUTABLE_PREFIX = lib;
				GCC_ENABLE_CPP_EXCEPTIONS = YES;
				GCC_ENABLE_CPP_RTTI = YES;
				GCC_PREPROCESSOR_DEFINITIONS = GLES_SILENCE_DEPRECATION;
				HEADER_SEARCH_PATHS = "$(SRCROOT)/third_party/include";
				LIBRARY_SEARCH_PATHS = "$(SRCROOT)/third_party/lib";
				MACOSX_DEPLOYMENT_TARGET = 13.5;
				PRODUCT_NAME = "$(TARGET_NAME)";
				SDKROOT = iphoneos;
				SKIP_INSTALL = YES;
				SUPPORTS_MACCATALYST = NO;
			};
			name = Release;
		};
		A9CCBAC52B0220DD00C92729 /* Debug */ = {
			isa = XCBuildConfiguration;
			buildSettings = {
				ALWAYS_SEARCH_USER_PATHS = NO;
				ASSETCATALOG_COMPILER_GENERATE_SWIFT_ASSET_SYMBOL_EXTENSIONS = YES;
				CLANG_ANALYZER_NONNULL = YES;
				CLANG_ANALYZER_NUMBER_OBJECT_CONVERSION = YES_AGGRESSIVE;
				CLANG_CXX_LANGUAGE_STANDARD = "gnu++20";
				CLANG_ENABLE_MODULES = YES;
				CLANG_ENABLE_OBJC_ARC = YES;
				CLANG_ENABLE_OBJC_WEAK = YES;
				CLANG_WARN_BLOCK_CAPTURE_AUTORELEASING = YES;
				CLANG_WARN_BOOL_CONVERSION = YES;
				CLANG_WARN_COMMA = YES;
				CLANG_WARN_CONSTANT_CONVERSION = YES;
				CLANG_WARN_DEPRECATED_OBJC_IMPLEMENTATIONS = YES;
				CLANG_WARN_DIRECT_OBJC_ISA_USAGE = YES_ERROR;
				CLANG_WARN_DOCUMENTATION_COMMENTS = YES;
				CLANG_WARN_EMPTY_BODY = YES;
				CLANG_WARN_ENUM_CONVERSION = YES;
				CLANG_WARN_INFINITE_RECURSION = YES;
				CLANG_WARN_INT_CONVERSION = YES;
				CLANG_WARN_NON_LITERAL_NULL_CONVERSION = YES;
				CLANG_WARN_OBJC_IMPLICIT_RETAIN_SELF = YES;
				CLANG_WARN_OBJC_LITERAL_CONVERSION = YES;
				CLANG_WARN_OBJC_ROOT_CLASS = YES_ERROR;
				CLANG_WARN_QUOTED_INCLUDE_IN_FRAMEWORK_HEADER = YES;
				CLANG_WARN_RANGE_LOOP_ANALYSIS = YES;
				CLANG_WARN_STRICT_PROTOTYPES = YES;
				CLANG_WARN_SUSPICIOUS_MOVE = YES;
				CLANG_WARN_UNGUARDED_AVAILABILITY = YES_AGGRESSIVE;
				CLANG_WARN_UNREACHABLE_CODE = YES;
				CLANG_WARN__DUPLICATE_METHOD_MATCH = YES;
				COPY_PHASE_STRIP = NO;
				DEBUG_INFORMATION_FORMAT = dwarf;
				ENABLE_STRICT_OBJC_MSGSEND = YES;
				ENABLE_TESTABILITY = YES;
				ENABLE_USER_SCRIPT_SANDBOXING = YES;
				GCC_C_LANGUAGE_STANDARD = gnu17;
				GCC_DYNAMIC_NO_PIC = NO;
				GCC_NO_COMMON_BLOCKS = YES;
				GCC_OPTIMIZATION_LEVEL = 0;
				GCC_PREPROCESSOR_DEFINITIONS = (
					"DEBUG=1",
					"$(inherited)",
				);
				GCC_WARN_64_TO_32_BIT_CONVERSION = YES;
				GCC_WARN_ABOUT_RETURN_TYPE = YES_ERROR;
				GCC_WARN_UNDECLARED_SELECTOR = YES;
				GCC_WARN_UNINITIALIZED_AUTOS = YES_AGGRESSIVE;
				GCC_WARN_UNUSED_FUNCTION = YES;
				GCC_WARN_UNUSED_VARIABLE = YES;
				IPHONEOS_DEPLOYMENT_TARGET = 12.0;
				LOCALIZATION_PREFERS_STRING_CATALOGS = YES;
				MTL_ENABLE_DEBUG_INFO = INCLUDE_SOURCE;
				MTL_FAST_MATH = YES;
				ONLY_ACTIVE_ARCH = YES;
				SDKROOT = iphoneos;
			};
			name = Debug;
		};
		A9CCBAC62B0220DD00C92729 /* Release */ = {
			isa = XCBuildConfiguration;
			buildSettings = {
				ALWAYS_SEARCH_USER_PATHS = NO;
				ASSETCATALOG_COMPILER_GENERATE_SWIFT_ASSET_SYMBOL_EXTENSIONS = YES;
				CLANG_ANALYZER_NONNULL = YES;
				CLANG_ANALYZER_NUMBER_OBJECT_CONVERSION = YES_AGGRESSIVE;
				CLANG_CXX_LANGUAGE_STANDARD = "gnu++20";
				CLANG_ENABLE_MODULES = YES;
				CLANG_ENABLE_OBJC_ARC = YES;
				CLANG_ENABLE_OBJC_WEAK = YES;
				CLANG_WARN_BLOCK_CAPTURE_AUTORELEASING = YES;
				CLANG_WARN_BOOL_CONVERSION = YES;
				CLANG_WARN_COMMA = YES;
				CLANG_WARN_CONSTANT_CONVERSION = YES;
				CLANG_WARN_DEPRECATED_OBJC_IMPLEMENTATIONS = YES;
				CLANG_WARN_DIRECT_OBJC_ISA_USAGE = YES_ERROR;
				CLANG_WARN_DOCUMENTATION_COMMENTS = YES;
				CLANG_WARN_EMPTY_BODY = YES;
				CLANG_WARN_ENUM_CONVERSION = YES;
				CLANG_WARN_INFINITE_RECURSION = YES;
				CLANG_WARN_INT_CONVERSION = YES;
				CLANG_WARN_NON_LITERAL_NULL_CONVERSION = YES;
				CLANG_WARN_OBJC_IMPLICIT_RETAIN_SELF = YES;
				CLANG_WARN_OBJC_LITERAL_CONVERSION = YES;
				CLANG_WARN_OBJC_ROOT_CLASS = YES_ERROR;
				CLANG_WARN_QUOTED_INCLUDE_IN_FRAMEWORK_HEADER = YES;
				CLANG_WARN_RANGE_LOOP_ANALYSIS = YES;
				CLANG_WARN_STRICT_PROTOTYPES = YES;
				CLANG_WARN_SUSPICIOUS_MOVE = YES;
				CLANG_WARN_UNGUARDED_AVAILABILITY = YES_AGGRESSIVE;
				CLANG_WARN_UNREACHABLE_CODE = YES;
				CLANG_WARN__DUPLICATE_METHOD_MATCH = YES;
				COPY_PHASE_STRIP = NO;
				DEBUG_INFORMATION_FORMAT = "dwarf-with-dsym";
				ENABLE_NS_ASSERTIONS = NO;
				ENABLE_STRICT_OBJC_MSGSEND = YES;
				ENABLE_USER_SCRIPT_SANDBOXING = YES;
				GCC_C_LANGUAGE_STANDARD = gnu17;
				GCC_NO_COMMON_BLOCKS = YES;
				GCC_WARN_64_TO_32_BIT_CONVERSION = YES;
				GCC_WARN_ABOUT_RETURN_TYPE = YES_ERROR;
				GCC_WARN_UNDECLARED_SELECTOR = YES;
				GCC_WARN_UNINITIALIZED_AUTOS = YES_AGGRESSIVE;
				GCC_WARN_UNUSED_FUNCTION = YES;
				GCC_WARN_UNUSED_VARIABLE = YES;
				IPHONEOS_DEPLOYMENT_TARGET = 12.0;
				LOCALIZATION_PREFERS_STRING_CATALOGS = YES;
				MTL_ENABLE_DEBUG_INFO = NO;
				MTL_FAST_MATH = YES;
				SDKROOT = iphoneos;
				VALIDATE_PRODUCT = YES;
			};
			name = Release;
		};
		A9CCBAC82B0220DD00C92729 /* Debug */ = {
			isa = XCBuildConfiguration;
			buildSettings = {
				ASSETCATALOG_COMPILER_APPICON_NAME = AppIcon;
				ASSETCATALOG_COMPILER_GLOBAL_ACCENT_COLOR_NAME = AccentColor;
				CODE_SIGN_STYLE = Automatic;
				CURRENT_PROJECT_VERSION = 1;
				DEVELOPMENT_TEAM = 27ZYBRBPV8;
				ENABLE_STRICT_OBJC_MSGSEND = NO;
				GCC_PREPROCESSOR_DEFINITIONS = (
					"DEBUG=1",
					"$(inherited)",
					GLES_SILENCE_DEPRECATION,
				);
				GENERATE_INFOPLIST_FILE = YES;
				HEADER_SEARCH_PATHS = "${PROJECT_DIR}/third_party/include";
				INFOPLIST_FILE = CCRender/Info.plist;
				INFOPLIST_KEY_UIApplicationSupportsIndirectInputEvents = YES;
				INFOPLIST_KEY_UILaunchStoryboardName = LaunchScreen;
				INFOPLIST_KEY_UIMainStoryboardFile = "";
				INFOPLIST_KEY_UISupportedInterfaceOrientations_iPad = "UIInterfaceOrientationPortrait UIInterfaceOrientationPortraitUpsideDown UIInterfaceOrientationLandscapeLeft UIInterfaceOrientationLandscapeRight";
				INFOPLIST_KEY_UISupportedInterfaceOrientations_iPhone = "UIInterfaceOrientationPortrait UIInterfaceOrientationLandscapeLeft UIInterfaceOrientationLandscapeRight";
				IPHONEOS_DEPLOYMENT_TARGET = 12.0;
				LD_RUNPATH_SEARCH_PATHS = (
					"$(inherited)",
					"@executable_path/Frameworks",
				);
				LIBRARY_SEARCH_PATHS = (
					"$(SRCROOT)/third_party/lib",
					"$(PROJECT_DIR)/third_party/lib",
				);
				MARKETING_VERSION = 1.0;
				PRODUCT_BUNDLE_IDENTIFIER = com.francis.CCRender;
				PRODUCT_NAME = "$(TARGET_NAME)";
				SUPPORTED_PLATFORMS = "iphoneos iphonesimulator";
				SUPPORTS_MACCATALYST = NO;
				SUPPORTS_MAC_DESIGNED_FOR_IPHONE_IPAD = NO;
				SWIFT_EMIT_LOC_STRINGS = YES;
				TARGETED_DEVICE_FAMILY = "1,2";
			};
			name = Debug;
		};
		A9CCBAC92B0220DD00C92729 /* Release */ = {
			isa = XCBuildConfiguration;
			buildSettings = {
				ASSETCATALOG_COMPILER_APPICON_NAME = AppIcon;
				ASSETCATALOG_COMPILER_GLOBAL_ACCENT_COLOR_NAME = AccentColor;
				CODE_SIGN_STYLE = Automatic;
				CURRENT_PROJECT_VERSION = 1;
				DEVELOPMENT_TEAM = 27ZYBRBPV8;
				ENABLE_STRICT_OBJC_MSGSEND = NO;
				GCC_PREPROCESSOR_DEFINITIONS = GLES_SILENCE_DEPRECATION;
				GENERATE_INFOPLIST_FILE = YES;
				HEADER_SEARCH_PATHS = "${PROJECT_DIR}/third_party/include";
				INFOPLIST_FILE = CCRender/Info.plist;
				INFOPLIST_KEY_UIApplicationSupportsIndirectInputEvents = YES;
				INFOPLIST_KEY_UILaunchStoryboardName = LaunchScreen;
				INFOPLIST_KEY_UIMainStoryboardFile = "";
				INFOPLIST_KEY_UISupportedInterfaceOrientations_iPad = "UIInterfaceOrientationPortrait UIInterfaceOrientationPortraitUpsideDown UIInterfaceOrientationLandscapeLeft UIInterfaceOrientationLandscapeRight";
				INFOPLIST_KEY_UISupportedInterfaceOrientations_iPhone = "UIInterfaceOrientationPortrait UIInterfaceOrientationLandscapeLeft UIInterfaceOrientationLandscapeRight";
				IPHONEOS_DEPLOYMENT_TARGET = 12.0;
				LD_RUNPATH_SEARCH_PATHS = (
					"$(inherited)",
					"@executable_path/Frameworks",
				);
				LIBRARY_SEARCH_PATHS = (
					"$(SRCROOT)/third_party/lib",
					"$(PROJECT_DIR)/third_party/lib",
				);
				MARKETING_VERSION = 1.0;
				PRODUCT_BUNDLE_IDENTIFIER = com.francis.CCRender;
				PRODUCT_NAME = "$(TARGET_NAME)";
				SUPPORTED_PLATFORMS = "iphoneos iphonesimulator";
				SUPPORTS_MACCATALYST = NO;
				SUPPORTS_MAC_DESIGNED_FOR_IPHONE_IPAD = NO;
				SWIFT_EMIT_LOC_STRINGS = YES;
				TARGETED_DEVICE_FAMILY = "1,2";
			};
			name = Release;
		};
/* End XCBuildConfiguration section */

/* Begin XCConfigurationList section */
		A91433B92B0F6416004A0589 /* Build configuration list for PBXNativeTarget "ccmedia" */ = {
			isa = XCConfigurationList;
			buildConfigurations = (
				A91433BA2B0F6416004A0589 /* Debug */,
				A91433BB2B0F6416004A0589 /* Release */,
			);
			defaultConfigurationIsVisible = 0;
			defaultConfigurationName = Release;
		};
		A9CCBAA92B0220DA00C92729 /* Build configuration list for PBXProject "CCRender" */ = {
			isa = XCConfigurationList;
			buildConfigurations = (
				A9CCBAC52B0220DD00C92729 /* Debug */,
				A9CCBAC62B0220DD00C92729 /* Release */,
			);
			defaultConfigurationIsVisible = 0;
			defaultConfigurationName = Release;
		};
		A9CCBAC72B0220DD00C92729 /* Build configuration list for PBXNativeTarget "CCRender" */ = {
			isa = XCConfigurationList;
			buildConfigurations = (
				A9CCBAC82B0220DD00C92729 /* Debug */,
				A9CCBAC92B0220DD00C92729 /* Release */,
			);
			defaultConfigurationIsVisible = 0;
			defaultConfigurationName = Release;
		};
/* End XCConfigurationList section */
	};
	rootObject = A9CCBAA62B0220DA00C92729 /* Project object */;
}
